// !$*UTF8*$!
{
	archiveVersion = 1;
	classes = {
	};
	objectVersion = 50;
	objects = {

/* Begin PBXBuildFile section */
		0D24F80DB874C42534E86624 /* Pods_NewsReaderTestApp.framework in Frameworks */ = {isa = PBXBuildFile; fileRef = 03005ECF7D39F551C8E7AE2B /* Pods_NewsReaderTestApp.framework */; };
		0D8C9E122308966800E6805B /* AppDelegate.swift in Sources */ = {isa = PBXBuildFile; fileRef = 0D8C9E112308966800E6805B /* AppDelegate.swift */; };
		0D8C9E142308966800E6805B /* NewsViewController.swift in Sources */ = {isa = PBXBuildFile; fileRef = 0D8C9E132308966800E6805B /* NewsViewController.swift */; };
		0D8C9E172308966800E6805B /* Main.storyboard in Resources */ = {isa = PBXBuildFile; fileRef = 0D8C9E152308966800E6805B /* Main.storyboard */; };
		0D8C9E192308966900E6805B /* Assets.xcassets in Resources */ = {isa = PBXBuildFile; fileRef = 0D8C9E182308966900E6805B /* Assets.xcassets */; };
		0D8C9E1C2308966900E6805B /* LaunchScreen.storyboard in Resources */ = {isa = PBXBuildFile; fileRef = 0D8C9E1A2308966900E6805B /* LaunchScreen.storyboard */; };
		0D8C9E2523089A6E00E6805B /* NewsContainer.swift in Sources */ = {isa = PBXBuildFile; fileRef = 0D8C9E2423089A6E00E6805B /* NewsContainer.swift */; };
		0D8C9E2723089ED200E6805B /* AppDependencies.swift in Sources */ = {isa = PBXBuildFile; fileRef = 0D8C9E2623089ED200E6805B /* AppDependencies.swift */; };
		0D8C9E2923089F9700E6805B /* NewsPresenter.swift in Sources */ = {isa = PBXBuildFile; fileRef = 0D8C9E2823089F9700E6805B /* NewsPresenter.swift */; };
		0D8C9E312308A0A100E6805B /* NewsInteractor.swift in Sources */ = {isa = PBXBuildFile; fileRef = 0D8C9E302308A0A100E6805B /* NewsInteractor.swift */; };
		0D8C9E332308A25600E6805B /* NewsInteractorInConnection.swift in Sources */ = {isa = PBXBuildFile; fileRef = 0D8C9E322308A25600E6805B /* NewsInteractorInConnection.swift */; };
		0D8C9E352308A26700E6805B /* NewsInteractorOutConnection.swift in Sources */ = {isa = PBXBuildFile; fileRef = 0D8C9E342308A26700E6805B /* NewsInteractorOutConnection.swift */; };
		0D8C9E382308A28400E6805B /* NewsViewControllerInconnection.swift in Sources */ = {isa = PBXBuildFile; fileRef = 0D8C9E362308A28400E6805B /* NewsViewControllerInconnection.swift */; };
		0D8C9E3A2308A29800E6805B /* NewsViewControllerOutConnection.swift in Sources */ = {isa = PBXBuildFile; fileRef = 0D8C9E392308A29800E6805B /* NewsViewControllerOutConnection.swift */; };
		0D8C9E3C2308A55A00E6805B /* RootContainer.swift in Sources */ = {isa = PBXBuildFile; fileRef = 0D8C9E3B2308A55A00E6805B /* RootContainer.swift */; };
		0D8C9E3F2308B86D00E6805B /* NewsFeedConstants.swift in Sources */ = {isa = PBXBuildFile; fileRef = 0D8C9E3E2308B86D00E6805B /* NewsFeedConstants.swift */; };
		0D8C9E4123095C1A00E6805B /* NewsCell.swift in Sources */ = {isa = PBXBuildFile; fileRef = 0D8C9E4023095C1A00E6805B /* NewsCell.swift */; };
		0D8C9E4523095E3B00E6805B /* NewsCell.xib in Resources */ = {isa = PBXBuildFile; fileRef = 0D8C9E4423095E3B00E6805B /* NewsCell.xib */; };
		0D8C9E47230960BA00E6805B /* NewsItem.swift in Sources */ = {isa = PBXBuildFile; fileRef = 0D8C9E46230960BA00E6805B /* NewsItem.swift */; };
		0D8C9E4A2309642600E6805B /* UICollectionView+Nib.swift in Sources */ = {isa = PBXBuildFile; fileRef = 0D8C9E492309642600E6805B /* UICollectionView+Nib.swift */; };
		0D8C9E4C2309A5F600E6805B /* SingleNewsItemViewController.swift in Sources */ = {isa = PBXBuildFile; fileRef = 0D8C9E4B2309A5F600E6805B /* SingleNewsItemViewController.swift */; };
		0D8C9E5C2309C8D200E6805B /* ExampleTests.swift in Sources */ = {isa = PBXBuildFile; fileRef = 0D8C9E5B2309C8D200E6805B /* ExampleTests.swift */; };
		0D8C9E5F2309CC8100E6805B /* NewsInteractor_mock.swift in Sources */ = {isa = PBXBuildFile; fileRef = 0D8C9E5D2309CBAF00E6805B /* NewsInteractor_mock.swift */; };
		0D8C9E602309CF4000E6805B /* NewsInteractor_mock.swift in Sources */ = {isa = PBXBuildFile; fileRef = 0D8C9E5D2309CBAF00E6805B /* NewsInteractor_mock.swift */; };
/* End PBXBuildFile section */

/* Begin PBXContainerItemProxy section */
		0D8C9E562309C88400E6805B /* PBXContainerItemProxy */ = {
			isa = PBXContainerItemProxy;
			containerPortal = 0D8C9E062308966800E6805B /* Project object */;
			proxyType = 1;
			remoteGlobalIDString = 0D8C9E0D2308966800E6805B;
			remoteInfo = NewsReaderTestApp;
		};
/* End PBXContainerItemProxy section */

/* Begin PBXFileReference section */
		03005ECF7D39F551C8E7AE2B /* Pods_NewsReaderTestApp.framework */ = {isa = PBXFileReference; explicitFileType = wrapper.framework; includeInIndex = 0; path = Pods_NewsReaderTestApp.framework; sourceTree = BUILT_PRODUCTS_DIR; };
		0D8C9E0E2308966800E6805B /* NewsReaderTestApp.app */ = {isa = PBXFileReference; explicitFileType = wrapper.application; includeInIndex = 0; path = NewsReaderTestApp.app; sourceTree = BUILT_PRODUCTS_DIR; };
		0D8C9E112308966800E6805B /* AppDelegate.swift */ = {isa = PBXFileReference; lastKnownFileType = sourcecode.swift; path = AppDelegate.swift; sourceTree = "<group>"; };
		0D8C9E132308966800E6805B /* NewsViewController.swift */ = {isa = PBXFileReference; lastKnownFileType = sourcecode.swift; path = NewsViewController.swift; sourceTree = "<group>"; };
		0D8C9E162308966800E6805B /* Base */ = {isa = PBXFileReference; lastKnownFileType = file.storyboard; name = Base; path = Base.lproj/Main.storyboard; sourceTree = "<group>"; };
		0D8C9E182308966900E6805B /* Assets.xcassets */ = {isa = PBXFileReference; lastKnownFileType = folder.assetcatalog; path = Assets.xcassets; sourceTree = "<group>"; };
		0D8C9E1B2308966900E6805B /* Base */ = {isa = PBXFileReference; lastKnownFileType = file.storyboard; name = Base; path = Base.lproj/LaunchScreen.storyboard; sourceTree = "<group>"; };
		0D8C9E1D2308966900E6805B /* Info.plist */ = {isa = PBXFileReference; lastKnownFileType = text.plist.xml; path = Info.plist; sourceTree = "<group>"; };
		0D8C9E2423089A6E00E6805B /* NewsContainer.swift */ = {isa = PBXFileReference; lastKnownFileType = sourcecode.swift; path = NewsContainer.swift; sourceTree = "<group>"; };
		0D8C9E2623089ED200E6805B /* AppDependencies.swift */ = {isa = PBXFileReference; lastKnownFileType = sourcecode.swift; path = AppDependencies.swift; sourceTree = "<group>"; };
		0D8C9E2823089F9700E6805B /* NewsPresenter.swift */ = {isa = PBXFileReference; lastKnownFileType = sourcecode.swift; path = NewsPresenter.swift; sourceTree = "<group>"; };
		0D8C9E302308A0A100E6805B /* NewsInteractor.swift */ = {isa = PBXFileReference; lastKnownFileType = sourcecode.swift; path = NewsInteractor.swift; sourceTree = "<group>"; };
		0D8C9E322308A25600E6805B /* NewsInteractorInConnection.swift */ = {isa = PBXFileReference; lastKnownFileType = sourcecode.swift; path = NewsInteractorInConnection.swift; sourceTree = "<group>"; };
		0D8C9E342308A26700E6805B /* NewsInteractorOutConnection.swift */ = {isa = PBXFileReference; lastKnownFileType = sourcecode.swift; path = NewsInteractorOutConnection.swift; sourceTree = "<group>"; };
		0D8C9E372308A28400E6805B /* Base */ = {isa = PBXFileReference; lastKnownFileType = sourcecode.swift; name = Base; path = Base.lproj/NewsViewControllerInconnection.swift; sourceTree = "<group>"; };
		0D8C9E392308A29800E6805B /* NewsViewControllerOutConnection.swift */ = {isa = PBXFileReference; lastKnownFileType = sourcecode.swift; path = NewsViewControllerOutConnection.swift; sourceTree = "<group>"; };
		0D8C9E3B2308A55A00E6805B /* RootContainer.swift */ = {isa = PBXFileReference; lastKnownFileType = sourcecode.swift; path = RootContainer.swift; sourceTree = "<group>"; };
		0D8C9E3E2308B86D00E6805B /* NewsFeedConstants.swift */ = {isa = PBXFileReference; lastKnownFileType = sourcecode.swift; path = NewsFeedConstants.swift; sourceTree = "<group>"; };
		0D8C9E4023095C1A00E6805B /* NewsCell.swift */ = {isa = PBXFileReference; lastKnownFileType = sourcecode.swift; path = NewsCell.swift; sourceTree = "<group>"; };
		0D8C9E4423095E3B00E6805B /* NewsCell.xib */ = {isa = PBXFileReference; lastKnownFileType = file.xib; path = NewsCell.xib; sourceTree = "<group>"; };
		0D8C9E46230960BA00E6805B /* NewsItem.swift */ = {isa = PBXFileReference; lastKnownFileType = sourcecode.swift; path = NewsItem.swift; sourceTree = "<group>"; };
		0D8C9E492309642600E6805B /* UICollectionView+Nib.swift */ = {isa = PBXFileReference; lastKnownFileType = sourcecode.swift; path = "UICollectionView+Nib.swift"; sourceTree = "<group>"; };
		0D8C9E4B2309A5F600E6805B /* SingleNewsItemViewController.swift */ = {isa = PBXFileReference; lastKnownFileType = sourcecode.swift; path = SingleNewsItemViewController.swift; sourceTree = "<group>"; };
		0D8C9E512309C88400E6805B /* NewsReaderTestAppTests.xctest */ = {isa = PBXFileReference; explicitFileType = wrapper.cfbundle; includeInIndex = 0; path = NewsReaderTestAppTests.xctest; sourceTree = BUILT_PRODUCTS_DIR; };
		0D8C9E552309C88400E6805B /* Info.plist */ = {isa = PBXFileReference; lastKnownFileType = text.plist.xml; path = Info.plist; sourceTree = "<group>"; };
		0D8C9E5B2309C8D200E6805B /* ExampleTests.swift */ = {isa = PBXFileReference; lastKnownFileType = sourcecode.swift; path = ExampleTests.swift; sourceTree = "<group>"; };
		0D8C9E5D2309CBAF00E6805B /* NewsInteractor_mock.swift */ = {isa = PBXFileReference; lastKnownFileType = sourcecode.swift; path = NewsInteractor_mock.swift; sourceTree = "<group>"; };
		B2A1926AC47FA44492222523 /* Pods-NewsReaderTestApp.debug.xcconfig */ = {isa = PBXFileReference; includeInIndex = 1; lastKnownFileType = text.xcconfig; name = "Pods-NewsReaderTestApp.debug.xcconfig"; path = "Target Support Files/Pods-NewsReaderTestApp/Pods-NewsReaderTestApp.debug.xcconfig"; sourceTree = "<group>"; };
		D1A48716E20BC90394F2F57C /* Pods-NewsReaderTestApp.release.xcconfig */ = {isa = PBXFileReference; includeInIndex = 1; lastKnownFileType = text.xcconfig; name = "Pods-NewsReaderTestApp.release.xcconfig"; path = "Target Support Files/Pods-NewsReaderTestApp/Pods-NewsReaderTestApp.release.xcconfig"; sourceTree = "<group>"; };
/* End PBXFileReference section */

/* Begin PBXFrameworksBuildPhase section */
		0D8C9E0B2308966800E6805B /* Frameworks */ = {
			isa = PBXFrameworksBuildPhase;
			buildActionMask = 2147483647;
			files = (
				0D24F80DB874C42534E86624 /* Pods_NewsReaderTestApp.framework in Frameworks */,
			);
			runOnlyForDeploymentPostprocessing = 0;
		};
		0D8C9E4E2309C88400E6805B /* Frameworks */ = {
			isa = PBXFrameworksBuildPhase;
			buildActionMask = 2147483647;
			files = (
			);
			runOnlyForDeploymentPostprocessing = 0;
		};
/* End PBXFrameworksBuildPhase section */

/* Begin PBXGroup section */
		0D8C9E052308966800E6805B = {
			isa = PBXGroup;
			children = (
				0D8C9E102308966800E6805B /* NewsReaderTestApp */,
				0D8C9E2D2308A02600E6805B /* SupportingFiles */,
				0D8C9E522309C88400E6805B /* NewsReaderTestAppTests */,
				0D8C9E0F2308966800E6805B /* Products */,
				195FAC1D4B672AAAF43EADFD /* Pods */,
				411F479A7946C7E4113AE380 /* Frameworks */,
			);
			sourceTree = "<group>";
		};
		0D8C9E0F2308966800E6805B /* Products */ = {
			isa = PBXGroup;
			children = (
				0D8C9E0E2308966800E6805B /* NewsReaderTestApp.app */,
				0D8C9E512309C88400E6805B /* NewsReaderTestAppTests.xctest */,
			);
			name = Products;
			sourceTree = "<group>";
		};
		0D8C9E102308966800E6805B /* NewsReaderTestApp */ = {
			isa = PBXGroup;
			children = (
				0D8C9E482309640200E6805B /* Extensions */,
				0D8C9E3D2308B85500E6805B /* Model */,
				0D8C9E2E2308A04E00E6805B /* Assembly */,
				0D8C9E2C2308A00900E6805B /* Interactor */,
				0D8C9E2B23089FFE00E6805B /* Presenter */,
				0D8C9E2A23089FF300E6805B /* View */,
				0D8C9E112308966800E6805B /* AppDelegate.swift */,
				0D8C9E1D2308966900E6805B /* Info.plist */,
			);
			path = NewsReaderTestApp;
			sourceTree = "<group>";
		};
		0D8C9E2A23089FF300E6805B /* View */ = {
			isa = PBXGroup;
			children = (
				0D8C9E152308966800E6805B /* Main.storyboard */,
				0D8C9E132308966800E6805B /* NewsViewController.swift */,
				0D8C9E362308A28400E6805B /* NewsViewControllerInconnection.swift */,
				0D8C9E392308A29800E6805B /* NewsViewControllerOutConnection.swift */,
				0D8C9E2F2308A07F00E6805B /* Subviews */,
			);
			path = View;
			sourceTree = "<group>";
		};
		0D8C9E2B23089FFE00E6805B /* Presenter */ = {
			isa = PBXGroup;
			children = (
				0D8C9E2823089F9700E6805B /* NewsPresenter.swift */,
			);
			path = Presenter;
			sourceTree = "<group>";
		};
		0D8C9E2C2308A00900E6805B /* Interactor */ = {
			isa = PBXGroup;
			children = (
				0D8C9E302308A0A100E6805B /* NewsInteractor.swift */,
				0D8C9E322308A25600E6805B /* NewsInteractorInConnection.swift */,
				0D8C9E342308A26700E6805B /* NewsInteractorOutConnection.swift */,
				0D8C9E5D2309CBAF00E6805B /* NewsInteractor_mock.swift */,
			);
			path = Interactor;
			sourceTree = "<group>";
		};
		0D8C9E2D2308A02600E6805B /* SupportingFiles */ = {
			isa = PBXGroup;
			children = (
				0D8C9E1A2308966900E6805B /* LaunchScreen.storyboard */,
				0D8C9E182308966900E6805B /* Assets.xcassets */,
			);
			path = SupportingFiles;
			sourceTree = "<group>";
		};
		0D8C9E2E2308A04E00E6805B /* Assembly */ = {
			isa = PBXGroup;
			children = (
				0D8C9E2423089A6E00E6805B /* NewsContainer.swift */,
				0D8C9E3B2308A55A00E6805B /* RootContainer.swift */,
				0D8C9E2623089ED200E6805B /* AppDependencies.swift */,
			);
			path = Assembly;
			sourceTree = "<group>";
		};
		0D8C9E2F2308A07F00E6805B /* Subviews */ = {
			isa = PBXGroup;
			children = (
				0D8C9E4023095C1A00E6805B /* NewsCell.swift */,
				0D8C9E4423095E3B00E6805B /* NewsCell.xib */,
				0D8C9E4B2309A5F600E6805B /* SingleNewsItemViewController.swift */,
			);
			path = Subviews;
			sourceTree = "<group>";
		};
		0D8C9E3D2308B85500E6805B /* Model */ = {
			isa = PBXGroup;
			children = (
				0D8C9E3E2308B86D00E6805B /* NewsFeedConstants.swift */,
				0D8C9E46230960BA00E6805B /* NewsItem.swift */,
			);
			path = Model;
			sourceTree = "<group>";
		};
		0D8C9E482309640200E6805B /* Extensions */ = {
			isa = PBXGroup;
			children = (
				0D8C9E492309642600E6805B /* UICollectionView+Nib.swift */,
			);
			path = Extensions;
			sourceTree = "<group>";
		};
		0D8C9E522309C88400E6805B /* NewsReaderTestAppTests */ = {
			isa = PBXGroup;
			children = (
				0D8C9E552309C88400E6805B /* Info.plist */,
				0D8C9E5B2309C8D200E6805B /* ExampleTests.swift */,
			);
			path = NewsReaderTestAppTests;
			sourceTree = "<group>";
		};
		195FAC1D4B672AAAF43EADFD /* Pods */ = {
			isa = PBXGroup;
			children = (
				B2A1926AC47FA44492222523 /* Pods-NewsReaderTestApp.debug.xcconfig */,
				D1A48716E20BC90394F2F57C /* Pods-NewsReaderTestApp.release.xcconfig */,
			);
			path = Pods;
			sourceTree = "<group>";
		};
		411F479A7946C7E4113AE380 /* Frameworks */ = {
			isa = PBXGroup;
			children = (
				03005ECF7D39F551C8E7AE2B /* Pods_NewsReaderTestApp.framework */,
			);
			name = Frameworks;
			sourceTree = "<group>";
		};
/* End PBXGroup section */

/* Begin PBXNativeTarget section */
		0D8C9E0D2308966800E6805B /* NewsReaderTestApp */ = {
			isa = PBXNativeTarget;
			buildConfigurationList = 0D8C9E202308966900E6805B /* Build configuration list for PBXNativeTarget "NewsReaderTestApp" */;
			buildPhases = (
				8E64836F56A01FF355298666 /* [CP] Check Pods Manifest.lock */,
				0D8C9E0A2308966800E6805B /* Sources */,
				0D8C9E0B2308966800E6805B /* Frameworks */,
				0D8C9E0C2308966800E6805B /* Resources */,
			);
			buildRules = (
			);
			dependencies = (
			);
			name = NewsReaderTestApp;
			productName = NewsReaderTestApp;
			productReference = 0D8C9E0E2308966800E6805B /* NewsReaderTestApp.app */;
			productType = "com.apple.product-type.application";
		};
		0D8C9E502309C88400E6805B /* NewsReaderTestAppTests */ = {
			isa = PBXNativeTarget;
			buildConfigurationList = 0D8C9E5A2309C88400E6805B /* Build configuration list for PBXNativeTarget "NewsReaderTestAppTests" */;
			buildPhases = (
				0D8C9E4D2309C88400E6805B /* Sources */,
				0D8C9E4E2309C88400E6805B /* Frameworks */,
				0D8C9E4F2309C88400E6805B /* Resources */,
			);
			buildRules = (
			);
			dependencies = (
				0D8C9E572309C88400E6805B /* PBXTargetDependency */,
			);
			name = NewsReaderTestAppTests;
			productName = NewsReaderTestAppTests;
			productReference = 0D8C9E512309C88400E6805B /* NewsReaderTestAppTests.xctest */;
			productType = "com.apple.product-type.bundle.unit-test";
		};
/* End PBXNativeTarget section */

/* Begin PBXProject section */
		0D8C9E062308966800E6805B /* Project object */ = {
			isa = PBXProject;
			attributes = {
				LastSwiftUpdateCheck = 1030;
				LastUpgradeCheck = 1030;
				ORGANIZATIONNAME = "Anastasija Sergeeva";
				TargetAttributes = {
					0D8C9E0D2308966800E6805B = {
						CreatedOnToolsVersion = 10.3;
					};
					0D8C9E502309C88400E6805B = {
						CreatedOnToolsVersion = 10.3;
						TestTargetID = 0D8C9E0D2308966800E6805B;
					};
				};
			};
			buildConfigurationList = 0D8C9E092308966800E6805B /* Build configuration list for PBXProject "NewsReaderTestApp" */;
			compatibilityVersion = "Xcode 9.3";
			developmentRegion = en;
			hasScannedForEncodings = 0;
			knownRegions = (
				en,
				Base,
			);
			mainGroup = 0D8C9E052308966800E6805B;
			productRefGroup = 0D8C9E0F2308966800E6805B /* Products */;
			projectDirPath = "";
			projectRoot = "";
			targets = (
				0D8C9E0D2308966800E6805B /* NewsReaderTestApp */,
				0D8C9E502309C88400E6805B /* NewsReaderTestAppTests */,
			);
		};
/* End PBXProject section */

/* Begin PBXResourcesBuildPhase section */
		0D8C9E0C2308966800E6805B /* Resources */ = {
			isa = PBXResourcesBuildPhase;
			buildActionMask = 2147483647;
			files = (
				0D8C9E1C2308966900E6805B /* LaunchScreen.storyboard in Resources */,
				0D8C9E192308966900E6805B /* Assets.xcassets in Resources */,
				0D8C9E4523095E3B00E6805B /* NewsCell.xib in Resources */,
				0D8C9E172308966800E6805B /* Main.storyboard in Resources */,
			);
			runOnlyForDeploymentPostprocessing = 0;
		};
		0D8C9E4F2309C88400E6805B /* Resources */ = {
			isa = PBXResourcesBuildPhase;
			buildActionMask = 2147483647;
			files = (
			);
			runOnlyForDeploymentPostprocessing = 0;
		};
/* End PBXResourcesBuildPhase section */

/* Begin PBXShellScriptBuildPhase section */
		8E64836F56A01FF355298666 /* [CP] Check Pods Manifest.lock */ = {
			isa = PBXShellScriptBuildPhase;
			buildActionMask = 2147483647;
			files = (
			);
			inputFileListPaths = (
			);
			inputPaths = (
				"${PODS_PODFILE_DIR_PATH}/Podfile.lock",
				"${PODS_ROOT}/Manifest.lock",
			);
			name = "[CP] Check Pods Manifest.lock";
			outputFileListPaths = (
			);
			outputPaths = (
				"$(DERIVED_FILE_DIR)/Pods-NewsReaderTestApp-checkManifestLockResult.txt",
			);
			runOnlyForDeploymentPostprocessing = 0;
			shellPath = /bin/sh;
			shellScript = "diff \"${PODS_PODFILE_DIR_PATH}/Podfile.lock\" \"${PODS_ROOT}/Manifest.lock\" > /dev/null\nif [ $? != 0 ] ; then\n    # print error to STDERR\n    echo \"error: The sandbox is not in sync with the Podfile.lock. Run 'pod install' or update your CocoaPods installation.\" >&2\n    exit 1\nfi\n# This output is used by Xcode 'outputs' to avoid re-running this script phase.\necho \"SUCCESS\" > \"${SCRIPT_OUTPUT_FILE_0}\"\n";
			showEnvVarsInLog = 0;
		};
/* End PBXShellScriptBuildPhase section */

/* Begin PBXSourcesBuildPhase section */
		0D8C9E0A2308966800E6805B /* Sources */ = {
			isa = PBXSourcesBuildPhase;
			buildActionMask = 2147483647;
			files = (
				0D8C9E2723089ED200E6805B /* AppDependencies.swift in Sources */,
				0D8C9E47230960BA00E6805B /* NewsItem.swift in Sources */,
				0D8C9E4C2309A5F600E6805B /* SingleNewsItemViewController.swift in Sources */,
				0D8C9E382308A28400E6805B /* NewsViewControllerInconnection.swift in Sources */,
				0D8C9E5F2309CC8100E6805B /* NewsInteractor_mock.swift in Sources */,
				0D8C9E142308966800E6805B /* NewsViewController.swift in Sources */,
				0D8C9E2923089F9700E6805B /* NewsPresenter.swift in Sources */,
				0D8C9E122308966800E6805B /* AppDelegate.swift in Sources */,
				0D8C9E4A2309642600E6805B /* UICollectionView+Nib.swift in Sources */,
				0D8C9E352308A26700E6805B /* NewsInteractorOutConnection.swift in Sources */,
				0D8C9E2523089A6E00E6805B /* NewsContainer.swift in Sources */,
				0D8C9E3C2308A55A00E6805B /* RootContainer.swift in Sources */,
				0D8C9E332308A25600E6805B /* NewsInteractorInConnection.swift in Sources */,
				0D8C9E3A2308A29800E6805B /* NewsViewControllerOutConnection.swift in Sources */,
				0D8C9E312308A0A100E6805B /* NewsInteractor.swift in Sources */,
				0D8C9E4123095C1A00E6805B /* NewsCell.swift in Sources */,
				0D8C9E3F2308B86D00E6805B /* NewsFeedConstants.swift in Sources */,
			);
			runOnlyForDeploymentPostprocessing = 0;
		};
		0D8C9E4D2309C88400E6805B /* Sources */ = {
			isa = PBXSourcesBuildPhase;
			buildActionMask = 2147483647;
			files = (
				0D8C9E5C2309C8D200E6805B /* ExampleTests.swift in Sources */,
				0D8C9E602309CF4000E6805B /* NewsInteractor_mock.swift in Sources */,
			);
			runOnlyForDeploymentPostprocessing = 0;
		};
/* End PBXSourcesBuildPhase section */

/* Begin PBXTargetDependency section */
		0D8C9E572309C88400E6805B /* PBXTargetDependency */ = {
			isa = PBXTargetDependency;
			target = 0D8C9E0D2308966800E6805B /* NewsReaderTestApp */;
			targetProxy = 0D8C9E562309C88400E6805B /* PBXContainerItemProxy */;
		};
/* End PBXTargetDependency section */

/* Begin PBXVariantGroup section */
		0D8C9E152308966800E6805B /* Main.storyboard */ = {
			isa = PBXVariantGroup;
			children = (
				0D8C9E162308966800E6805B /* Base */,
			);
			name = Main.storyboard;
			sourceTree = "<group>";
		};
		0D8C9E1A2308966900E6805B /* LaunchScreen.storyboard */ = {
			isa = PBXVariantGroup;
			children = (
				0D8C9E1B2308966900E6805B /* Base */,
			);
			name = LaunchScreen.storyboard;
			sourceTree = "<group>";
		};
		0D8C9E362308A28400E6805B /* NewsViewControllerInconnection.swift */ = {
			isa = PBXVariantGroup;
			children = (
				0D8C9E372308A28400E6805B /* Base */,
			);
			name = NewsViewControllerInconnection.swift;
			sourceTree = "<group>";
		};
/* End PBXVariantGroup section */

/* Begin XCBuildConfiguration section */
		0D8C9E1E2308966900E6805B /* Debug */ = {
			isa = XCBuildConfiguration;
			buildSettings = {
				ALWAYS_SEARCH_USER_PATHS = NO;
				CLANG_ANALYZER_NONNULL = YES;
				CLANG_ANALYZER_NUMBER_OBJECT_CONVERSION = YES_AGGRESSIVE;
				CLANG_CXX_LANGUAGE_STANDARD = "gnu++14";
				CLANG_CXX_LIBRARY = "libc++";
				CLANG_ENABLE_MODULES = YES;
				CLANG_ENABLE_OBJC_ARC = YES;
				CLANG_ENABLE_OBJC_WEAK = YES;
				CLANG_WARN_BLOCK_CAPTURE_AUTORELEASING = YES;
				CLANG_WARN_BOOL_CONVERSION = YES;
				CLANG_WARN_COMMA = YES;
				CLANG_WARN_CONSTANT_CONVERSION = YES;
				CLANG_WARN_DEPRECATED_OBJC_IMPLEMENTATIONS = YES;
				CLANG_WARN_DIRECT_OBJC_ISA_USAGE = YES_ERROR;
				CLANG_WARN_DOCUMENTATION_COMMENTS = YES;
				CLANG_WARN_EMPTY_BODY = YES;
				CLANG_WARN_ENUM_CONVERSION = YES;
				CLANG_WARN_INFINITE_RECURSION = YES;
				CLANG_WARN_INT_CONVERSION = YES;
				CLANG_WARN_NON_LITERAL_NULL_CONVERSION = YES;
				CLANG_WARN_OBJC_IMPLICIT_RETAIN_SELF = YES;
				CLANG_WARN_OBJC_LITERAL_CONVERSION = YES;
				CLANG_WARN_OBJC_ROOT_CLASS = YES_ERROR;
				CLANG_WARN_RANGE_LOOP_ANALYSIS = YES;
				CLANG_WARN_STRICT_PROTOTYPES = YES;
				CLANG_WARN_SUSPICIOUS_MOVE = YES;
				CLANG_WARN_UNGUARDED_AVAILABILITY = YES_AGGRESSIVE;
				CLANG_WARN_UNREACHABLE_CODE = YES;
				CLANG_WARN__DUPLICATE_METHOD_MATCH = YES;
				CODE_SIGN_IDENTITY = "iPhone Developer";
				COPY_PHASE_STRIP = NO;
				DEBUG_INFORMATION_FORMAT = dwarf;
				ENABLE_STRICT_OBJC_MSGSEND = YES;
				ENABLE_TESTABILITY = YES;
				GCC_C_LANGUAGE_STANDARD = gnu11;
				GCC_DYNAMIC_NO_PIC = NO;
				GCC_NO_COMMON_BLOCKS = YES;
				GCC_OPTIMIZATION_LEVEL = 0;
				GCC_PREPROCESSOR_DEFINITIONS = (
					"DEBUG=1",
					"$(inherited)",
				);
				GCC_WARN_64_TO_32_BIT_CONVERSION = YES;
				GCC_WARN_ABOUT_RETURN_TYPE = YES_ERROR;
				GCC_WARN_UNDECLARED_SELECTOR = YES;
				GCC_WARN_UNINITIALIZED_AUTOS = YES_AGGRESSIVE;
				GCC_WARN_UNUSED_FUNCTION = YES;
				GCC_WARN_UNUSED_VARIABLE = YES;
				IPHONEOS_DEPLOYMENT_TARGET = 12.4;
				MTL_ENABLE_DEBUG_INFO = INCLUDE_SOURCE;
				MTL_FAST_MATH = YES;
				ONLY_ACTIVE_ARCH = YES;
				SDKROOT = iphoneos;
				SWIFT_ACTIVE_COMPILATION_CONDITIONS = DEBUG;
				SWIFT_OPTIMIZATION_LEVEL = "-Onone";
			};
			name = Debug;
		};
		0D8C9E1F2308966900E6805B /* Release */ = {
			isa = XCBuildConfiguration;
			buildSettings = {
				ALWAYS_SEARCH_USER_PATHS = NO;
				CLANG_ANALYZER_NONNULL = YES;
				CLANG_ANALYZER_NUMBER_OBJECT_CONVERSION = YES_AGGRESSIVE;
				CLANG_CXX_LANGUAGE_STANDARD = "gnu++14";
				CLANG_CXX_LIBRARY = "libc++";
				CLANG_ENABLE_MODULES = YES;
				CLANG_ENABLE_OBJC_ARC = YES;
				CLANG_ENABLE_OBJC_WEAK = YES;
				CLANG_WARN_BLOCK_CAPTURE_AUTORELEASING = YES;
				CLANG_WARN_BOOL_CONVERSION = YES;
				CLANG_WARN_COMMA = YES;
				CLANG_WARN_CONSTANT_CONVERSION = YES;
				CLANG_WARN_DEPRECATED_OBJC_IMPLEMENTATIONS = YES;
				CLANG_WARN_DIRECT_OBJC_ISA_USAGE = YES_ERROR;
				CLANG_WARN_DOCUMENTATION_COMMENTS = YES;
				CLANG_WARN_EMPTY_BODY = YES;
				CLANG_WARN_ENUM_CONVERSION = YES;
				CLANG_WARN_INFINITE_RECURSION = YES;
				CLANG_WARN_INT_CONVERSION = YES;
				CLANG_WARN_NON_LITERAL_NULL_CONVERSION = YES;
				CLANG_WARN_OBJC_IMPLICIT_RETAIN_SELF = YES;
				CLANG_WARN_OBJC_LITERAL_CONVERSION = YES;
				CLANG_WARN_OBJC_ROOT_CLASS = YES_ERROR;
				CLANG_WARN_RANGE_LOOP_ANALYSIS = YES;
				CLANG_WARN_STRICT_PROTOTYPES = YES;
				CLANG_WARN_SUSPICIOUS_MOVE = YES;
				CLANG_WARN_UNGUARDED_AVAILABILITY = YES_AGGRESSIVE;
				CLANG_WARN_UNREACHABLE_CODE = YES;
				CLANG_WARN__DUPLICATE_METHOD_MATCH = YES;
				CODE_SIGN_IDENTITY = "iPhone Developer";
				COPY_PHASE_STRIP = NO;
				DEBUG_INFORMATION_FORMAT = "dwarf-with-dsym";
				ENABLE_NS_ASSERTIONS = NO;
				ENABLE_STRICT_OBJC_MSGSEND = YES;
				GCC_C_LANGUAGE_STANDARD = gnu11;
				GCC_NO_COMMON_BLOCKS = YES;
				GCC_WARN_64_TO_32_BIT_CONVERSION = YES;
				GCC_WARN_ABOUT_RETURN_TYPE = YES_ERROR;
				GCC_WARN_UNDECLARED_SELECTOR = YES;
				GCC_WARN_UNINITIALIZED_AUTOS = YES_AGGRESSIVE;
				GCC_WARN_UNUSED_FUNCTION = YES;
				GCC_WARN_UNUSED_VARIABLE = YES;
				IPHONEOS_DEPLOYMENT_TARGET = 12.4;
				MTL_ENABLE_DEBUG_INFO = NO;
				MTL_FAST_MATH = YES;
				SDKROOT = iphoneos;
				SWIFT_COMPILATION_MODE = wholemodule;
				SWIFT_OPTIMIZATION_LEVEL = "-O";
				VALIDATE_PRODUCT = YES;
			};
			name = Release;
		};
		0D8C9E212308966900E6805B /* Debug */ = {
			isa = XCBuildConfiguration;
			baseConfigurationReference = B2A1926AC47FA44492222523 /* Pods-NewsReaderTestApp.debug.xcconfig */;
			buildSettings = {
				ASSETCATALOG_COMPILER_APPICON_NAME = AppIcon;
				CODE_SIGN_STYLE = Automatic;
				DEVELOPMENT_TEAM = 539N3V3ER3;
				INFOPLIST_FILE = NewsReaderTestApp/Info.plist;
				LD_RUNPATH_SEARCH_PATHS = (
					"$(inherited)",
					"@executable_path/Frameworks",
				);
				PRODUCT_BUNDLE_IDENTIFIER = com.nekocoatl.NewsReaderTestApp;
				PRODUCT_NAME = "$(TARGET_NAME)";
				SWIFT_VERSION = 5.0;
				TARGETED_DEVICE_FAMILY = "1,2";
			};
			name = Debug;
		};
		0D8C9E222308966900E6805B /* Release */ = {
			isa = XCBuildConfiguration;
			baseConfigurationReference = D1A48716E20BC90394F2F57C /* Pods-NewsReaderTestApp.release.xcconfig */;
			buildSettings = {
				ASSETCATALOG_COMPILER_APPICON_NAME = AppIcon;
				CODE_SIGN_STYLE = Automatic;
				DEVELOPMENT_TEAM = 539N3V3ER3;
				INFOPLIST_FILE = NewsReaderTestApp/Info.plist;
				LD_RUNPATH_SEARCH_PATHS = (
					"$(inherited)",
					"@executable_path/Frameworks",
				);
				PRODUCT_BUNDLE_IDENTIFIER = com.nekocoatl.NewsReaderTestApp;
				PRODUCT_NAME = "$(TARGET_NAME)";
				SWIFT_VERSION = 5.0;
				TARGETED_DEVICE_FAMILY = "1,2";
			};
			name = Release;
		};
		0D8C9E582309C88400E6805B /* Debug */ = {
			isa = XCBuildConfiguration;
			buildSettings = {
				BUNDLE_LOADER = "$(TEST_HOST)";
				CODE_SIGN_STYLE = Automatic;
				INFOPLIST_FILE = NewsReaderTestAppTests/Info.plist;
				LD_RUNPATH_SEARCH_PATHS = (
					"$(inherited)",
					"@executable_path/Frameworks",
					"@loader_path/Frameworks",
				);
				PRODUCT_BUNDLE_IDENTIFIER = com.nekocoatl.NewsReaderTestAppTests;
				PRODUCT_NAME = "$(TARGET_NAME)";
				SWIFT_VERSION = 5.0;
				TARGETED_DEVICE_FAMILY = "1,2";
				TEST_HOST = "$(BUILT_PRODUCTS_DIR)/NewsReaderTestApp.app/NewsReaderTestApp";
			};
			name = Debug;
		};
		0D8C9E592309C88400E6805B /* Release */ = {
			isa = XCBuildConfiguration;
			buildSettings = {
				BUNDLE_LOADER = "$(TEST_HOST)";
				CODE_SIGN_STYLE = Automatic;
				INFOPLIST_FILE = NewsReaderTestAppTests/Info.plist;
				LD_RUNPATH_SEARCH_PATHS = (
					"$(inherited)",
					"@executable_path/Frameworks",
					"@loader_path/Frameworks",
				);
				PRODUCT_BUNDLE_IDENTIFIER = com.nekocoatl.NewsReaderTestAppTests;
				PRODUCT_NAME = "$(TARGET_NAME)";
				SWIFT_VERSION = 5.0;
				TARGETED_DEVICE_FAMILY = "1,2";
				TEST_HOST = "$(BUILT_PRODUCTS_DIR)/NewsReaderTestApp.app/NewsReaderTestApp";
			};
			name = Release;
		};
/* End XCBuildConfiguration section */

/* Begin XCConfigurationList section */
		0D8C9E092308966800E6805B /* Build configuration list for PBXProject "NewsReaderTestApp" */ = {
			isa = XCConfigurationList;
			buildConfigurations = (
				0D8C9E1E2308966900E6805B /* Debug */,
				0D8C9E1F2308966900E6805B /* Release */,
			);
			defaultConfigurationIsVisible = 0;
			defaultConfigurationName = Release;
		};
		0D8C9E202308966900E6805B /* Build configuration list for PBXNativeTarget "NewsReaderTestApp" */ = {
			isa = XCConfigurationList;
			buildConfigurations = (
				0D8C9E212308966900E6805B /* Debug */,
				0D8C9E222308966900E6805B /* Release */,
			);
			defaultConfigurationIsVisible = 0;
			defaultConfigurationName = Release;
		};
		0D8C9E5A2309C88400E6805B /* Build configuration list for PBXNativeTarget "NewsReaderTestAppTests" */ = {
			isa = XCConfigurationList;
			buildConfigurations = (
				0D8C9E582309C88400E6805B /* Debug */,
				0D8C9E592309C88400E6805B /* Release */,
			);
			defaultConfigurationIsVisible = 0;
			defaultConfigurationName = Release;
		};
/* End XCConfigurationList section */
	};
	rootObject = 0D8C9E062308966800E6805B /* Project object */;
}
